
Microsoft Visual Studio Solution File, Format Version 12.00
# Visual Studio Version 17
VisualStudioVersion = 17.5.33530.505
MinimumVisualStudioVersion = 10.0.40219.1
Project("{9A19103F-16F7-4668-BE54-9A1E7A4F7556}") = "SiCode.IDE", "SiCode.IDE\SiCode.IDE.csproj", "{5B3D583A-1948-4F08-87FC-0C0FAA32F332}"
EndProject
Project("{9A19103F-16F7-4668-BE54-9A1E7A4F7556}") = "Monaco", "Monaco\Monaco.csproj", "{BF2AD142-A666-4EF2-B541-32B997364B32}"
EndProject
Project("{FAE04EC0-301F-11D3-BF4B-00C04F79EFBC}") = "SiCode.IDE.API", "SiCode.IDE.API\SiCode.IDE.API.csproj", "{CD9909CE-3144-4F02-916B-AA542DE3CBED}"
EndProject
Global
	GlobalSection(SolutionConfigurationPlatforms) = preSolution
		Debug|Any CPU = Debug|Any CPU
		Debug|ARM64 = Debug|ARM64
		Debug|x64 = Debug|x64
		Debug|x86 = Debug|x86
		Release|Any CPU = Release|Any CPU
		Release|ARM64 = Release|ARM64
		Release|x64 = Release|x64
		Release|x86 = Release|x86
	EndGlobalSection
	GlobalSection(ProjectConfigurationPlatforms) = postSolution
		{5B3D583A-1948-4F08-87FC-0C0FAA32F332}.Debug|Any CPU.ActiveCfg = Debug|x64
		{5B3D583A-1948-4F08-87FC-0C0FAA32F332}.Debug|Any CPU.Build.0 = Debug|x64
		{5B3D583A-1948-4F08-87FC-0C0FAA32F332}.Debug|Any CPU.Deploy.0 = Debug|x64
		{5B3D583A-1948-4F08-87FC-0C0FAA32F332}.Debug|ARM64.ActiveCfg = Debug|ARM64
		{5B3D583A-1948-4F08-87FC-0C0FAA32F332}.Debug|ARM64.Build.0 = Debug|ARM64
		{5B3D583A-1948-4F08-87FC-0C0FAA32F332}.Debug|ARM64.Deploy.0 = Debug|ARM64
		{5B3D583A-1948-4F08-87FC-0C0FAA32F332}.Debug|x64.ActiveCfg = Debug|x64
		{5B3D583A-1948-4F08-87FC-0C0FAA32F332}.Debug|x64.Build.0 = Debug|x64
		{5B3D583A-1948-4F08-87FC-0C0FAA32F332}.Debug|x64.Deploy.0 = Debug|x64
		{5B3D583A-1948-4F08-87FC-0C0FAA32F332}.Debug|x86.ActiveCfg = Debug|x86
		{5B3D583A-1948-4F08-87FC-0C0FAA32F332}.Debug|x86.Build.0 = Debug|x86
		{5B3D583A-1948-4F08-87FC-0C0FAA32F332}.Debug|x86.Deploy.0 = Debug|x86
		{5B3D583A-1948-4F08-87FC-0C0FAA32F332}.Release|Any CPU.ActiveCfg = Release|x64
		{5B3D583A-1948-4F08-87FC-0C0FAA32F332}.Release|Any CPU.Build.0 = Release|x64
		{5B3D583A-1948-4F08-87FC-0C0FAA32F332}.Release|Any CPU.Deploy.0 = Release|x64
		{5B3D583A-1948-4F08-87FC-0C0FAA32F332}.Release|ARM64.ActiveCfg = Release|ARM64
		{5B3D583A-1948-4F08-87FC-0C0FAA32F332}.Release|ARM64.Build.0 = Release|ARM64
		{5B3D583A-1948-4F08-87FC-0C0FAA32F332}.Release|ARM64.Deploy.0 = Release|ARM64
		{5B3D583A-1948-4F08-87FC-0C0FAA32F332}.Release|x64.ActiveCfg = Release|x64
		{5B3D583A-1948-4F08-87FC-0C0FAA32F332}.Release|x64.Build.0 = Release|x64
		{5B3D583A-1948-4F08-87FC-0C0FAA32F332}.Release|x64.Deploy.0 = Release|x64
		{5B3D583A-1948-4F08-87FC-0C0FAA32F332}.Release|x86.ActiveCfg = Release|x86
		{5B3D583A-1948-4F08-87FC-0C0FAA32F332}.Release|x86.Build.0 = Release|x86
		{5B3D583A-1948-4F08-87FC-0C0FAA32F332}.Release|x86.Deploy.0 = Release|x86
		{BF2AD142-A666-4EF2-B541-32B997364B32}.Debug|Any CPU.ActiveCfg = Debug|Any CPU
		{BF2AD142-A666-4EF2-B541-32B997364B32}.Debug|Any CPU.Build.0 = Debug|Any CPU
		{BF2AD142-A666-4EF2-B541-32B997364B32}.Debug|ARM64.ActiveCfg = Debug|Any CPU
		{BF2AD142-A666-4EF2-B541-32B997364B32}.Debug|ARM64.Build.0 = Debug|Any CPU
		{BF2AD142-A666-4EF2-B541-32B997364B32}.Debug|x64.ActiveCfg = Debug|Any CPU
		{BF2AD142-A666-4EF2-B541-32B997364B32}.Debug|x64.Build.0 = Debug|Any CPU
		{BF2AD142-A666-4EF2-B541-32B997364B32}.Debug|x86.ActiveCfg = Debug|Any CPU
		{BF2AD142-A666-4EF2-B541-32B997364B32}.Debug|x86.Build.0 = Debug|Any CPU
		{BF2AD142-A666-4EF2-B541-32B997364B32}.Release|Any CPU.ActiveCfg = Release|Any CPU
		{BF2AD142-A666-4EF2-B541-32B997364B32}.Release|Any CPU.Build.0 = Release|Any CPU
		{BF2AD142-A666-4EF2-B541-32B997364B32}.Release|ARM64.ActiveCfg = Release|Any CPU
		{BF2AD142-A666-4EF2-B541-32B997364B32}.Release|ARM64.Build.0 = Release|Any CPU
		{BF2AD142-A666-4EF2-B541-32B997364B32}.Release|x64.ActiveCfg = Release|Any CPU
		{BF2AD142-A666-4EF2-B541-32B997364B32}.Release|x64.Build.0 = Release|Any CPU
		{BF2AD142-A666-4EF2-B541-32B997364B32}.Release|x86.ActiveCfg = Release|Any CPU
		{BF2AD142-A666-4EF2-B541-32B997364B32}.Release|x86.Build.0 = Release|Any CPU
		{CD9909CE-3144-4F02-916B-AA542DE3CBED}.Debug|Any CPU.ActiveCfg = Debug|Any CPU
		{CD9909CE-3144-4F02-916B-AA542DE3CBED}.Debug|Any CPU.Build.0 = Debug|Any CPU
		{CD9909CE-3144-4F02-916B-AA542DE3CBED}.Debug|ARM64.ActiveCfg = Debug|Any CPU
		{CD9909CE-3144-4F02-916B-AA542DE3CBED}.Debug|ARM64.Build.0 = Debug|Any CPU
		{CD9909CE-3144-4F02-916B-AA542DE3CBED}.Debug|x64.ActiveCfg = Debug|Any CPU
		{CD9909CE-3144-4F02-916B-AA542DE3CBED}.Debug|x64.Build.0 = Debug|Any CPU
		{CD9909CE-3144-4F02-916B-AA542DE3CBED}.Debug|x86.ActiveCfg = Debug|Any CPU
		{CD9909CE-3144-4F02-916B-AA542DE3CBED}.Debug|x86.Build.0 = Debug|Any CPU
		{CD9909CE-3144-4F02-916B-AA542DE3CBED}.Release|Any CPU.ActiveCfg = Release|Any CPU
		{CD9909CE-3144-4F02-916B-AA542DE3CBED}.Release|Any CPU.Build.0 = Release|Any CPU
		{CD9909CE-3144-4F02-916B-AA542DE3CBED}.Release|ARM64.ActiveCfg = Release|Any CPU
		{CD9909CE-3144-4F02-916B-AA542DE3CBED}.Release|ARM64.Build.0 = Release|Any CPU
		{CD9909CE-3144-4F02-916B-AA542DE3CBED}.Release|x64.ActiveCfg = Release|Any CPU
		{CD9909CE-3144-4F02-916B-AA542DE3CBED}.Release|x64.Build.0 = Release|Any CPU
		{CD9909CE-3144-4F02-916B-AA542DE3CBED}.Release|x86.ActiveCfg = Release|Any CPU
		{CD9909CE-3144-4F02-916B-AA542DE3CBED}.Release|x86.Build.0 = Release|Any CPU
	EndGlobalSection
	GlobalSection(SolutionProperties) = preSolution
		HideSolutionNode = FALSE
	EndGlobalSection
	GlobalSection(ExtensibilityGlobals) = postSolution
		SolutionGuid = {33294D84-B270-4910-AFF9-77DB168E8EED}
	EndGlobalSection
EndGlobal
